
Microsoft Visual Studio Solution File, Format Version 12.00
# Visual Studio Version 16
VisualStudioVersion = 16.0.31229.75
MinimumVisualStudioVersion = 10.0.40219.1
Project("{FAE04EC0-301F-11D3-BF4B-00C04F79EFBC}") = "WinFormCryptMyfiles", "WinFormCryptMyfiles\WinFormCryptMyfiles.csproj", "{0272CEE5-917F-46A7-800D-A744F93EA746}"
EndProject
Global
	GlobalSection(SolutionConfigurationPlatforms) = preSolution
		Debug|Any CPU = Debug|Any CPU
		Release|Any CPU = Release|Any CPU
	EndGlobalSection
	GlobalSection(ProjectConfigurationPlatforms) = postSolution
		{0272CEE5-917F-46A7-800D-A744F93EA746}.Debug|Any CPU.ActiveCfg = Debug|Any CPU
		{0272CEE5-917F-46A7-800D-A744F93EA746}.Debug|Any CPU.Build.0 = Debug|Any CPU
		{0272CEE5-917F-46A7-800D-A744F93EA746}.Release|Any CPU.ActiveCfg = Release|Any CPU
		{0272CEE5-917F-46A7-800D-A744F93EA746}.Release|Any CPU.Build.0 = Release|Any CPU
	EndGlobalSection
	GlobalSection(SolutionProperties) = preSolution
		HideSolutionNode = FALSE
	EndGlobalSection
	GlobalSection(ExtensibilityGlobals) = postSolution
		SolutionGuid = {F9702B0F-BA2E-4174-AFF6-A9C295012835}
	EndGlobalSection
EndGlobal
